
Microsoft Visual Studio Solution File, Format Version 12.00
# Visual Studio Version 17
VisualStudioVersion = 17.3.32825.248
MinimumVisualStudioVersion = 10.0.40219.1
Project("{9A19103F-16F7-4668-BE54-9A1E7A4F7556}") = "01HelloWorld", "01HelloWorld\01HelloWorld.csproj", "{C295F68C-BB90-45D6-B48C-B2E30BBC0BE0}"
EndProject
Project("{9A19103F-16F7-4668-BE54-9A1E7A4F7556}") = "02Exceptions", "02Exceptions\02Exceptions.csproj", "{0BD29A20-B15C-4586-BD3F-C9F4DB1E13F6}"
EndProject
Project("{9A19103F-16F7-4668-BE54-9A1E7A4F7556}") = "03TractorAndImplement", "03TractorAndImplement\03TractorAndImplement.csproj", "{187EF51D-1346-4BCC-B4EA-C70B402D6C74}"
EndProject
Project("{9A19103F-16F7-4668-BE54-9A1E7A4F7556}") = "04StaticExample", "04StaticExample\04StaticExample.csproj", "{D721561A-7871-40FF-9BCA-28F4648272D4}"
EndProject
Project("{9A19103F-16F7-4668-BE54-9A1E7A4F7556}") = "05Generics", "05Generics\05Generics.csproj", "{31C66446-8383-47CD-A186-2AC7DA74F693}"
EndProject
Project("{9A19103F-16F7-4668-BE54-9A1E7A4F7556}") = "06Dictionaries", "06Dictionaries\06Dictionaries.csproj", "{504C9130-07EA-47E6-9AB2-1B2662F5BB18}"
EndProject
Project("{9A19103F-16F7-4668-BE54-9A1E7A4F7556}") = "07LetterAnalysis", "07LetterAnalysis\07LetterAnalysis.csproj", "{08EE8DAF-EC46-47E5-B6E5-7B81C01386C3}"
EndProject
Project("{9A19103F-16F7-4668-BE54-9A1E7A4F7556}") = "01Test", "01Test\01Test.csproj", "{45FD4211-2B2B-4477-BF3B-1F1CC01E839D}"
EndProject
Project("{9A19103F-16F7-4668-BE54-9A1E7A4F7556}") = "08Caeser", "08Caeser\08Caeser.csproj", "{9BACA15D-DC15-43C1-B101-965DE85F5AFC}"
EndProject
Project("{9A19103F-16F7-4668-BE54-9A1E7A4F7556}") = "09InversionChiffre", "09InversionChiffre\09InversionChiffre.csproj", "{4E90EF35-8E75-4FAC-854A-2387F7A28B5B}"
EndProject
Project("{9A19103F-16F7-4668-BE54-9A1E7A4F7556}") = "10StringFormatting", "10StringFormatting\10StringFormatting.csproj", "{2DBF2B9E-27C9-4DCF-A682-B3DCA3957268}"
EndProject
Project("{9A19103F-16F7-4668-BE54-9A1E7A4F7556}") = "11Pythagoras", "11Pythagoras\11Pythagoras.csproj", "{9ECAD555-751C-49C7-8D87-477B48B3458A}"
EndProject
Project("{9A19103F-16F7-4668-BE54-9A1E7A4F7556}") = "12PythagorasKonsole", "12PythagorasKonsole\12PythagorasKonsole.csproj", "{44276410-F4F0-428F-8E24-0AFB6372F582}"
EndProject
Project("{8BC9CEB8-8B4A-11D0-8D11-00A0C91BC942}") = "13HelloWorldC", "13HelloWorldC\13HelloWorldC.vcxproj", "{CD0895FB-9DCB-4214-A766-8F97E2DABCCE}"
EndProject
Project("{8BC9CEB8-8B4A-11D0-8D11-00A0C91BC942}") = "14IOinC", "14IOinC\14IOinC.vcxproj", "{02B208D0-9AF1-4328-8117-5FF60DB5FB87}"
EndProject
Project("{9A19103F-16F7-4668-BE54-9A1E7A4F7556}") = "2.1_Vorkommen", "2.1_Vorkommen\2.1_Vorkommen.csproj", "{B1CE2986-2E19-4B7B-83CF-3532C474D1F0}"
EndProject
Project("{9A19103F-16F7-4668-BE54-9A1E7A4F7556}") = "2.2_Häufigkeitsanalyse", "2.2_Häufigkeitsanalyse\2.2_Häufigkeitsanalyse.csproj", "{1BB3BAD3-2443-4215-8DDD-651043ABE5BF}"
EndProject
Project("{9A19103F-16F7-4668-BE54-9A1E7A4F7556}") = "Hue01", "Hue01\Hue01.csproj", "{AC2172F8-92C2-4074-AA0A-EC95D8AD43F5}"
EndProject
Project("{8BC9CEB8-8B4A-11D0-8D11-00A0C91BC942}") = "15GuessNumber", "15GuessNumber\15GuessNumber.vcxproj", "{47549D3A-3E2E-4122-AEEB-DE023E0FF88C}"
EndProject
Project("{8BC9CEB8-8B4A-11D0-8D11-00A0C91BC942}") = "16AverageOfNumbers", "16AverageOfNumbers\16AverageOfNumbers.vcxproj", "{AC533841-1B6E-49F8-82A8-03CE6F9AE276}"
EndProject
Project("{8BC9CEB8-8B4A-11D0-8D11-00A0C91BC942}") = "17PrimTest", "17PrimTest\17PrimTest.vcxproj", "{36A9E622-0FC7-4AA2-A060-460EC57F3F0C}"
EndProject
Project("{8BC9CEB8-8B4A-11D0-8D11-00A0C91BC942}") = "18ReverseString", "18ReverseString\18ReverseString.vcxproj", "{18C4EBE0-4FC4-4AC9-A57E-52FB86E82BF8}"
EndProject
Project("{8BC9CEB8-8B4A-11D0-8D11-00A0C91BC942}") = "3.1_Mittelwert", "3.1_Mittelwert\3.1_Mittelwert.vcxproj", "{163835D8-F061-402C-A7E9-2BB20234FAF1}"
EndProject
Project("{8BC9CEB8-8B4A-11D0-8D11-00A0C91BC942}") = "3.2_LeerZaehlen", "3.2_LeerZaehlen\3.2_LeerZaehlen.vcxproj", "{FA703A55-B92F-4162-AFB4-83626FDC2F81}"
EndProject
Project("{8BC9CEB8-8B4A-11D0-8D11-00A0C91BC942}") = "3.3_Haeufiges", "3.3_Haeufiges\3.3_Haeufiges.vcxproj", "{E681A019-7A66-4DE9-BF53-8B1152A37647}"
EndProject
Project("{8BC9CEB8-8B4A-11D0-8D11-00A0C91BC942}") = "19Zeiger", "19Zeiger\19Zeiger.vcxproj", "{652FF389-26BD-463B-B4D8-870F354C1804}"
EndProject
Project("{8BC9CEB8-8B4A-11D0-8D11-00A0C91BC942}") = "20ZeigerArray", "20ZeigerArray\20ZeigerArray.vcxproj", "{747DA7FA-B3D0-4B59-8BF9-E0AB80D01798}"
EndProject
Project("{9A19103F-16F7-4668-BE54-9A1E7A4F7556}") = "22SerialArduino", "22SerialArduino\22SerialArduino.csproj", "{F724A771-9FCF-411E-9C70-FEEE1E030F2D}"
EndProject
Project("{9A19103F-16F7-4668-BE54-9A1E7A4F7556}") = "23SerialArduinoConsole", "23SerialArduinoConsole\23SerialArduinoConsole.csproj", "{3B5C35FD-0937-4883-AA90-B2EBD7088DAA}"
EndProject
Project("{9A19103F-16F7-4668-BE54-9A1E7A4F7556}") = "24SerialArduinoGUI", "24SerialArduinoGUI\24SerialArduinoGUI.csproj", "{AB85DF5E-7755-4EDE-999E-8D375764D283}"
EndProject
Project("{8BC9CEB8-8B4A-11D0-8D11-00A0C91BC942}") = "Test4_Kugel", "Test4_Kugel\Test4_Kugel.vcxproj", "{541A5972-2642-4B71-85A8-17490806049C}"
EndProject
Project("{9A19103F-16F7-4668-BE54-9A1E7A4F7556}") = "25UdpBroadcast", "25UdpBroadcast\25UdpBroadcast.csproj", "{DC789361-74B7-4A8A-932E-99868A70AB68}"
EndProject
Project("{9A19103F-16F7-4668-BE54-9A1E7A4F7556}") = "26TcpLED", "26TcpLED\26TcpLED.csproj", "{D2DB8030-B677-4154-8BEA-26CF9C2AB44A}"
EndProject
Project("{9A19103F-16F7-4668-BE54-9A1E7A4F7556}") = "27TelegramBot", "27TelegramBot\27TelegramBot.csproj", "{B6B74C4D-CDE2-4C25-9301-6758028B735C}"
EndProject
Project("{9A19103F-16F7-4668-BE54-9A1E7A4F7556}") = "00Test", "00Test\00Test.csproj", "{E5E58C3A-536E-4853-97FA-96DD69080785}"
EndProject
Project("{9A19103F-16F7-4668-BE54-9A1E7A4F7556}") = "_01NullableDatatypes", "01_NullableDatatypes\_01NullableDatatypes.csproj", "{0FF39FC2-756A-4249-8235-F804EEB558CD}"
EndProject
Project("{9A19103F-16F7-4668-BE54-9A1E7A4F7556}") = "_02CallByValueAndCallByReference", "02_CallByValueAndCallByReference\_02CallByValueAndCallByReference.csproj", "{6B665F0F-C0EC-4505-ACED-BE00E993641C}"
EndProject
Project("{9A19103F-16F7-4668-BE54-9A1E7A4F7556}") = "_03TryParse", "03_TryParse\_03TryParse.csproj", "{AFF8FF39-2431-409C-81BA-754CDB9156F3}"
EndProject
Project("{9A19103F-16F7-4668-BE54-9A1E7A4F7556}") = "_04Enums", "04_Enums\_04Enums.csproj", "{01A95B7B-CD88-4FC7-AB75-A0D889B2A816}"
EndProject
Project("{9A19103F-16F7-4668-BE54-9A1E7A4F7556}") = "_05Delegates", "_05Delegates\_05Delegates.csproj", "{4DE151E6-E507-43CD-B4A7-B4AA5BA23938}"
EndProject
Project("{9A19103F-16F7-4668-BE54-9A1E7A4F7556}") = "_06Calculator", "_06Calculator\_06Calculator.csproj", "{2D181580-0BBF-42B5-8A67-756153BE45FE}"
EndProject
Project("{9A19103F-16F7-4668-BE54-9A1E7A4F7556}") = "_07Events", "_07Events\_07Events.csproj", "{4D10955A-D54C-4FEA-A510-59FFDAB6CFC3}"
EndProject
Project("{9A19103F-16F7-4668-BE54-9A1E7A4F7556}") = "_08FuncAction", "08_FuncAction\_08FuncAction.csproj", "{A495AEA5-2498-415E-816C-2DC42D49747B}"
EndProject
Project("{9A19103F-16F7-4668-BE54-9A1E7A4F7556}") = "_09LambdaExpression", "_09LambdaExpression\_09LambdaExpression.csproj", "{3A83E697-AFFD-4369-81C6-DA8DA681E7E1}"
EndProject
Project("{9A19103F-16F7-4668-BE54-9A1E7A4F7556}") = "_10TimerEventWithLambda", "10TimerEventWithLambda\_10TimerEventWithLambda.csproj", "{4AFEE316-D65C-4182-83C1-027D8C2B4C15}"
EndProject
Project("{9A19103F-16F7-4668-BE54-9A1E7A4F7556}") = "1.1Test_LastNameChanged", "1.1Test_LastNameChanged\1.1Test_LastNameChanged.csproj", "{7F6EE5C3-5E39-40A9-9534-FA9A6D7E406F}"
EndProject
Project("{9A19103F-16F7-4668-BE54-9A1E7A4F7556}") = "1.2Test_Vollmond", "1.2Test_Vollmond\1.2Test_Vollmond.csproj", "{57AF5B35-5482-4749-9C47-0901054F1136}"
EndProject
Project("{9A19103F-16F7-4668-BE54-9A1E7A4F7556}") = "_11Interfaces", "_11Interfaces\_11Interfaces.csproj", "{1D919A53-DE8A-4E2A-94DF-1D98762CFC82}"
EndProject
Project("{9A19103F-16F7-4668-BE54-9A1E7A4F7556}") = "_12IComparable", "_12IComparable\_12IComparable.csproj", "{9D6B0F9D-ECD5-4E8B-B28E-724467FFB0CB}"
EndProject
Project("{9A19103F-16F7-4668-BE54-9A1E7A4F7556}") = "_13DownloadClient", "_13DownloadClient\_13DownloadClient.csproj", "{C1CB7841-619A-4F16-B15E-F9D13CC76BD9}"
EndProject
Project("{9A19103F-16F7-4668-BE54-9A1E7A4F7556}") = "2_2_IArticle", "2_2_IArticle\2_2_IArticle.csproj", "{B5C4D1A7-F593-4168-A86B-E3366B649BFE}"
EndProject
Project("{9A19103F-16F7-4668-BE54-9A1E7A4F7556}") = "2_2_PrimeFactors", "2_2_PrimeFactors\2_2_PrimeFactors.csproj", "{F39D5623-D1A1-44ED-A7A4-948E5D7898DA}"
EndProject
Project("{9A19103F-16F7-4668-BE54-9A1E7A4F7556}") = "_14FirstWebApp", "_14FirstWebApp\_14FirstWebApp.csproj", "{2A69716C-10B7-463E-8F65-D45D4529B817}"
EndProject
Project("{9A19103F-16F7-4668-BE54-9A1E7A4F7556}") = "_15SecondWebApp", "_15SecondWebApp\_15SecondWebApp.csproj", "{7D656B87-53AA-49D0-8993-7D309E61914C}"
EndProject
Project("{9A19103F-16F7-4668-BE54-9A1E7A4F7556}") = "Hue05", "Hue05\Hue05.csproj", "{D2AC23EE-E249-4A70-9BAB-7383A47803B6}"
EndProject
Project("{FAE04EC0-301F-11D3-BF4B-00C04F79EFBC}") = "Hue06", "Hue06\Hue06.csproj", "{D9206C9C-DEAA-47BF-A36C-1B29DBE0AC83}"
EndProject
Project("{FAE04EC0-301F-11D3-BF4B-00C04F79EFBC}") = "Hue06DB", "Hue06DB\Hue06DB.csproj", "{ECEFF277-ABA1-45B3-A31C-34508D0164FF}"
EndProject
Global
	GlobalSection(SolutionConfigurationPlatforms) = preSolution
		Debug|Any CPU = Debug|Any CPU
		Debug|x64 = Debug|x64
		Debug|x86 = Debug|x86
		Release|Any CPU = Release|Any CPU
		Release|x64 = Release|x64
		Release|x86 = Release|x86
	EndGlobalSection
	GlobalSection(ProjectConfigurationPlatforms) = postSolution
		{C295F68C-BB90-45D6-B48C-B2E30BBC0BE0}.Debug|Any CPU.ActiveCfg = Debug|Any CPU
		{C295F68C-BB90-45D6-B48C-B2E30BBC0BE0}.Debug|Any CPU.Build.0 = Debug|Any CPU
		{C295F68C-BB90-45D6-B48C-B2E30BBC0BE0}.Debug|x64.ActiveCfg = Debug|Any CPU
		{C295F68C-BB90-45D6-B48C-B2E30BBC0BE0}.Debug|x64.Build.0 = Debug|Any CPU
		{C295F68C-BB90-45D6-B48C-B2E30BBC0BE0}.Debug|x86.ActiveCfg = Debug|Any CPU
		{C295F68C-BB90-45D6-B48C-B2E30BBC0BE0}.Debug|x86.Build.0 = Debug|Any CPU
		{C295F68C-BB90-45D6-B48C-B2E30BBC0BE0}.Release|Any CPU.ActiveCfg = Release|Any CPU
		{C295F68C-BB90-45D6-B48C-B2E30BBC0BE0}.Release|Any CPU.Build.0 = Release|Any CPU
		{C295F68C-BB90-45D6-B48C-B2E30BBC0BE0}.Release|x64.ActiveCfg = Release|Any CPU
		{C295F68C-BB90-45D6-B48C-B2E30BBC0BE0}.Release|x64.Build.0 = Release|Any CPU
		{C295F68C-BB90-45D6-B48C-B2E30BBC0BE0}.Release|x86.ActiveCfg = Release|Any CPU
		{C295F68C-BB90-45D6-B48C-B2E30BBC0BE0}.Release|x86.Build.0 = Release|Any CPU
		{0BD29A20-B15C-4586-BD3F-C9F4DB1E13F6}.Debug|Any CPU.ActiveCfg = Debug|Any CPU
		{0BD29A20-B15C-4586-BD3F-C9F4DB1E13F6}.Debug|Any CPU.Build.0 = Debug|Any CPU
		{0BD29A20-B15C-4586-BD3F-C9F4DB1E13F6}.Debug|x64.ActiveCfg = Debug|Any CPU
		{0BD29A20-B15C-4586-BD3F-C9F4DB1E13F6}.Debug|x64.Build.0 = Debug|Any CPU
		{0BD29A20-B15C-4586-BD3F-C9F4DB1E13F6}.Debug|x86.ActiveCfg = Debug|Any CPU
		{0BD29A20-B15C-4586-BD3F-C9F4DB1E13F6}.Debug|x86.Build.0 = Debug|Any CPU
		{0BD29A20-B15C-4586-BD3F-C9F4DB1E13F6}.Release|Any CPU.ActiveCfg = Release|Any CPU
		{0BD29A20-B15C-4586-BD3F-C9F4DB1E13F6}.Release|Any CPU.Build.0 = Release|Any CPU
		{0BD29A20-B15C-4586-BD3F-C9F4DB1E13F6}.Release|x64.ActiveCfg = Release|Any CPU
		{0BD29A20-B15C-4586-BD3F-C9F4DB1E13F6}.Release|x64.Build.0 = Release|Any CPU
		{0BD29A20-B15C-4586-BD3F-C9F4DB1E13F6}.Release|x86.ActiveCfg = Release|Any CPU
		{0BD29A20-B15C-4586-BD3F-C9F4DB1E13F6}.Release|x86.Build.0 = Release|Any CPU
		{187EF51D-1346-4BCC-B4EA-C70B402D6C74}.Debug|Any CPU.ActiveCfg = Debug|Any CPU
		{187EF51D-1346-4BCC-B4EA-C70B402D6C74}.Debug|Any CPU.Build.0 = Debug|Any CPU
		{187EF51D-1346-4BCC-B4EA-C70B402D6C74}.Debug|x64.ActiveCfg = Debug|Any CPU
		{187EF51D-1346-4BCC-B4EA-C70B402D6C74}.Debug|x64.Build.0 = Debug|Any CPU
		{187EF51D-1346-4BCC-B4EA-C70B402D6C74}.Debug|x86.ActiveCfg = Debug|Any CPU
		{187EF51D-1346-4BCC-B4EA-C70B402D6C74}.Debug|x86.Build.0 = Debug|Any CPU
		{187EF51D-1346-4BCC-B4EA-C70B402D6C74}.Release|Any CPU.ActiveCfg = Release|Any CPU
		{187EF51D-1346-4BCC-B4EA-C70B402D6C74}.Release|Any CPU.Build.0 = Release|Any CPU
		{187EF51D-1346-4BCC-B4EA-C70B402D6C74}.Release|x64.ActiveCfg = Release|Any CPU
		{187EF51D-1346-4BCC-B4EA-C70B402D6C74}.Release|x64.Build.0 = Release|Any CPU
		{187EF51D-1346-4BCC-B4EA-C70B402D6C74}.Release|x86.ActiveCfg = Release|Any CPU
		{187EF51D-1346-4BCC-B4EA-C70B402D6C74}.Release|x86.Build.0 = Release|Any CPU
		{D721561A-7871-40FF-9BCA-28F4648272D4}.Debug|Any CPU.ActiveCfg = Debug|Any CPU
		{D721561A-7871-40FF-9BCA-28F4648272D4}.Debug|Any CPU.Build.0 = Debug|Any CPU
		{D721561A-7871-40FF-9BCA-28F4648272D4}.Debug|x64.ActiveCfg = Debug|Any CPU
		{D721561A-7871-40FF-9BCA-28F4648272D4}.Debug|x64.Build.0 = Debug|Any CPU
		{D721561A-7871-40FF-9BCA-28F4648272D4}.Debug|x86.ActiveCfg = Debug|Any CPU
		{D721561A-7871-40FF-9BCA-28F4648272D4}.Debug|x86.Build.0 = Debug|Any CPU
		{D721561A-7871-40FF-9BCA-28F4648272D4}.Release|Any CPU.ActiveCfg = Release|Any CPU
		{D721561A-7871-40FF-9BCA-28F4648272D4}.Release|Any CPU.Build.0 = Release|Any CPU
		{D721561A-7871-40FF-9BCA-28F4648272D4}.Release|x64.ActiveCfg = Release|Any CPU
		{D721561A-7871-40FF-9BCA-28F4648272D4}.Release|x64.Build.0 = Release|Any CPU
		{D721561A-7871-40FF-9BCA-28F4648272D4}.Release|x86.ActiveCfg = Release|Any CPU
		{D721561A-7871-40FF-9BCA-28F4648272D4}.Release|x86.Build.0 = Release|Any CPU
		{31C66446-8383-47CD-A186-2AC7DA74F693}.Debug|Any CPU.ActiveCfg = Debug|Any CPU
		{31C66446-8383-47CD-A186-2AC7DA74F693}.Debug|Any CPU.Build.0 = Debug|Any CPU
		{31C66446-8383-47CD-A186-2AC7DA74F693}.Debug|x64.ActiveCfg = Debug|Any CPU
		{31C66446-8383-47CD-A186-2AC7DA74F693}.Debug|x64.Build.0 = Debug|Any CPU
		{31C66446-8383-47CD-A186-2AC7DA74F693}.Debug|x86.ActiveCfg = Debug|Any CPU
		{31C66446-8383-47CD-A186-2AC7DA74F693}.Debug|x86.Build.0 = Debug|Any CPU
		{31C66446-8383-47CD-A186-2AC7DA74F693}.Release|Any CPU.ActiveCfg = Release|Any CPU
		{31C66446-8383-47CD-A186-2AC7DA74F693}.Release|Any CPU.Build.0 = Release|Any CPU
		{31C66446-8383-47CD-A186-2AC7DA74F693}.Release|x64.ActiveCfg = Release|Any CPU
		{31C66446-8383-47CD-A186-2AC7DA74F693}.Release|x64.Build.0 = Release|Any CPU
		{31C66446-8383-47CD-A186-2AC7DA74F693}.Release|x86.ActiveCfg = Release|Any CPU
		{31C66446-8383-47CD-A186-2AC7DA74F693}.Release|x86.Build.0 = Release|Any CPU
		{504C9130-07EA-47E6-9AB2-1B2662F5BB18}.Debug|Any CPU.ActiveCfg = Debug|Any CPU
		{504C9130-07EA-47E6-9AB2-1B2662F5BB18}.Debug|Any CPU.Build.0 = Debug|Any CPU
		{504C9130-07EA-47E6-9AB2-1B2662F5BB18}.Debug|x64.ActiveCfg = Debug|Any CPU
		{504C9130-07EA-47E6-9AB2-1B2662F5BB18}.Debug|x64.Build.0 = Debug|Any CPU
		{504C9130-07EA-47E6-9AB2-1B2662F5BB18}.Debug|x86.ActiveCfg = Debug|Any CPU
		{504C9130-07EA-47E6-9AB2-1B2662F5BB18}.Debug|x86.Build.0 = Debug|Any CPU
		{504C9130-07EA-47E6-9AB2-1B2662F5BB18}.Release|Any CPU.ActiveCfg = Release|Any CPU
		{504C9130-07EA-47E6-9AB2-1B2662F5BB18}.Release|Any CPU.Build.0 = Release|Any CPU
		{504C9130-07EA-47E6-9AB2-1B2662F5BB18}.Release|x64.ActiveCfg = Release|Any CPU
		{504C9130-07EA-47E6-9AB2-1B2662F5BB18}.Release|x64.Build.0 = Release|Any CPU
		{504C9130-07EA-47E6-9AB2-1B2662F5BB18}.Release|x86.ActiveCfg = Release|Any CPU
		{504C9130-07EA-47E6-9AB2-1B2662F5BB18}.Release|x86.Build.0 = Release|Any CPU
		{08EE8DAF-EC46-47E5-B6E5-7B81C01386C3}.Debug|Any CPU.ActiveCfg = Debug|Any CPU
		{08EE8DAF-EC46-47E5-B6E5-7B81C01386C3}.Debug|Any CPU.Build.0 = Debug|Any CPU
		{08EE8DAF-EC46-47E5-B6E5-7B81C01386C3}.Debug|x64.ActiveCfg = Debug|Any CPU
		{08EE8DAF-EC46-47E5-B6E5-7B81C01386C3}.Debug|x64.Build.0 = Debug|Any CPU
		{08EE8DAF-EC46-47E5-B6E5-7B81C01386C3}.Debug|x86.ActiveCfg = Debug|Any CPU
		{08EE8DAF-EC46-47E5-B6E5-7B81C01386C3}.Debug|x86.Build.0 = Debug|Any CPU
		{08EE8DAF-EC46-47E5-B6E5-7B81C01386C3}.Release|Any CPU.ActiveCfg = Release|Any CPU
		{08EE8DAF-EC46-47E5-B6E5-7B81C01386C3}.Release|Any CPU.Build.0 = Release|Any CPU
		{08EE8DAF-EC46-47E5-B6E5-7B81C01386C3}.Release|x64.ActiveCfg = Release|Any CPU
		{08EE8DAF-EC46-47E5-B6E5-7B81C01386C3}.Release|x64.Build.0 = Release|Any CPU
		{08EE8DAF-EC46-47E5-B6E5-7B81C01386C3}.Release|x86.ActiveCfg = Release|Any CPU
		{08EE8DAF-EC46-47E5-B6E5-7B81C01386C3}.Release|x86.Build.0 = Release|Any CPU
		{45FD4211-2B2B-4477-BF3B-1F1CC01E839D}.Debug|Any CPU.ActiveCfg = Debug|Any CPU
		{45FD4211-2B2B-4477-BF3B-1F1CC01E839D}.Debug|Any CPU.Build.0 = Debug|Any CPU
		{45FD4211-2B2B-4477-BF3B-1F1CC01E839D}.Debug|x64.ActiveCfg = Debug|Any CPU
		{45FD4211-2B2B-4477-BF3B-1F1CC01E839D}.Debug|x64.Build.0 = Debug|Any CPU
		{45FD4211-2B2B-4477-BF3B-1F1CC01E839D}.Debug|x86.ActiveCfg = Debug|Any CPU
		{45FD4211-2B2B-4477-BF3B-1F1CC01E839D}.Debug|x86.Build.0 = Debug|Any CPU
		{45FD4211-2B2B-4477-BF3B-1F1CC01E839D}.Release|Any CPU.ActiveCfg = Release|Any CPU
		{45FD4211-2B2B-4477-BF3B-1F1CC01E839D}.Release|Any CPU.Build.0 = Release|Any CPU
		{45FD4211-2B2B-4477-BF3B-1F1CC01E839D}.Release|x64.ActiveCfg = Release|Any CPU
		{45FD4211-2B2B-4477-BF3B-1F1CC01E839D}.Release|x64.Build.0 = Release|Any CPU
		{45FD4211-2B2B-4477-BF3B-1F1CC01E839D}.Release|x86.ActiveCfg = Release|Any CPU
		{45FD4211-2B2B-4477-BF3B-1F1CC01E839D}.Release|x86.Build.0 = Release|Any CPU
		{9BACA15D-DC15-43C1-B101-965DE85F5AFC}.Debug|Any CPU.ActiveCfg = Debug|Any CPU
		{9BACA15D-DC15-43C1-B101-965DE85F5AFC}.Debug|Any CPU.Build.0 = Debug|Any CPU
		{9BACA15D-DC15-43C1-B101-965DE85F5AFC}.Debug|x64.ActiveCfg = Debug|Any CPU
		{9BACA15D-DC15-43C1-B101-965DE85F5AFC}.Debug|x64.Build.0 = Debug|Any CPU
		{9BACA15D-DC15-43C1-B101-965DE85F5AFC}.Debug|x86.ActiveCfg = Debug|Any CPU
		{9BACA15D-DC15-43C1-B101-965DE85F5AFC}.Debug|x86.Build.0 = Debug|Any CPU
		{9BACA15D-DC15-43C1-B101-965DE85F5AFC}.Release|Any CPU.ActiveCfg = Release|Any CPU
		{9BACA15D-DC15-43C1-B101-965DE85F5AFC}.Release|Any CPU.Build.0 = Release|Any CPU
		{9BACA15D-DC15-43C1-B101-965DE85F5AFC}.Release|x64.ActiveCfg = Release|Any CPU
		{9BACA15D-DC15-43C1-B101-965DE85F5AFC}.Release|x64.Build.0 = Release|Any CPU
		{9BACA15D-DC15-43C1-B101-965DE85F5AFC}.Release|x86.ActiveCfg = Release|Any CPU
		{9BACA15D-DC15-43C1-B101-965DE85F5AFC}.Release|x86.Build.0 = Release|Any CPU
		{4E90EF35-8E75-4FAC-854A-2387F7A28B5B}.Debug|Any CPU.ActiveCfg = Debug|Any CPU
		{4E90EF35-8E75-4FAC-854A-2387F7A28B5B}.Debug|Any CPU.Build.0 = Debug|Any CPU
		{4E90EF35-8E75-4FAC-854A-2387F7A28B5B}.Debug|x64.ActiveCfg = Debug|Any CPU
		{4E90EF35-8E75-4FAC-854A-2387F7A28B5B}.Debug|x64.Build.0 = Debug|Any CPU
		{4E90EF35-8E75-4FAC-854A-2387F7A28B5B}.Debug|x86.ActiveCfg = Debug|Any CPU
		{4E90EF35-8E75-4FAC-854A-2387F7A28B5B}.Debug|x86.Build.0 = Debug|Any CPU
		{4E90EF35-8E75-4FAC-854A-2387F7A28B5B}.Release|Any CPU.ActiveCfg = Release|Any CPU
		{4E90EF35-8E75-4FAC-854A-2387F7A28B5B}.Release|Any CPU.Build.0 = Release|Any CPU
		{4E90EF35-8E75-4FAC-854A-2387F7A28B5B}.Release|x64.ActiveCfg = Release|Any CPU
		{4E90EF35-8E75-4FAC-854A-2387F7A28B5B}.Release|x64.Build.0 = Release|Any CPU
		{4E90EF35-8E75-4FAC-854A-2387F7A28B5B}.Release|x86.ActiveCfg = Release|Any CPU
		{4E90EF35-8E75-4FAC-854A-2387F7A28B5B}.Release|x86.Build.0 = Release|Any CPU
		{2DBF2B9E-27C9-4DCF-A682-B3DCA3957268}.Debug|Any CPU.ActiveCfg = Debug|Any CPU
		{2DBF2B9E-27C9-4DCF-A682-B3DCA3957268}.Debug|Any CPU.Build.0 = Debug|Any CPU
		{2DBF2B9E-27C9-4DCF-A682-B3DCA3957268}.Debug|x64.ActiveCfg = Debug|Any CPU
		{2DBF2B9E-27C9-4DCF-A682-B3DCA3957268}.Debug|x64.Build.0 = Debug|Any CPU
		{2DBF2B9E-27C9-4DCF-A682-B3DCA3957268}.Debug|x86.ActiveCfg = Debug|Any CPU
		{2DBF2B9E-27C9-4DCF-A682-B3DCA3957268}.Debug|x86.Build.0 = Debug|Any CPU
		{2DBF2B9E-27C9-4DCF-A682-B3DCA3957268}.Release|Any CPU.ActiveCfg = Release|Any CPU
		{2DBF2B9E-27C9-4DCF-A682-B3DCA3957268}.Release|Any CPU.Build.0 = Release|Any CPU
		{2DBF2B9E-27C9-4DCF-A682-B3DCA3957268}.Release|x64.ActiveCfg = Release|Any CPU
		{2DBF2B9E-27C9-4DCF-A682-B3DCA3957268}.Release|x64.Build.0 = Release|Any CPU
		{2DBF2B9E-27C9-4DCF-A682-B3DCA3957268}.Release|x86.ActiveCfg = Release|Any CPU
		{2DBF2B9E-27C9-4DCF-A682-B3DCA3957268}.Release|x86.Build.0 = Release|Any CPU
		{9ECAD555-751C-49C7-8D87-477B48B3458A}.Debug|Any CPU.ActiveCfg = Debug|Any CPU
		{9ECAD555-751C-49C7-8D87-477B48B3458A}.Debug|Any CPU.Build.0 = Debug|Any CPU
		{9ECAD555-751C-49C7-8D87-477B48B3458A}.Debug|x64.ActiveCfg = Debug|Any CPU
		{9ECAD555-751C-49C7-8D87-477B48B3458A}.Debug|x64.Build.0 = Debug|Any CPU
		{9ECAD555-751C-49C7-8D87-477B48B3458A}.Debug|x86.ActiveCfg = Debug|Any CPU
		{9ECAD555-751C-49C7-8D87-477B48B3458A}.Debug|x86.Build.0 = Debug|Any CPU
		{9ECAD555-751C-49C7-8D87-477B48B3458A}.Release|Any CPU.ActiveCfg = Release|Any CPU
		{9ECAD555-751C-49C7-8D87-477B48B3458A}.Release|Any CPU.Build.0 = Release|Any CPU
		{9ECAD555-751C-49C7-8D87-477B48B3458A}.Release|x64.ActiveCfg = Release|Any CPU
		{9ECAD555-751C-49C7-8D87-477B48B3458A}.Release|x64.Build.0 = Release|Any CPU
		{9ECAD555-751C-49C7-8D87-477B48B3458A}.Release|x86.ActiveCfg = Release|Any CPU
		{9ECAD555-751C-49C7-8D87-477B48B3458A}.Release|x86.Build.0 = Release|Any CPU
		{44276410-F4F0-428F-8E24-0AFB6372F582}.Debug|Any CPU.ActiveCfg = Debug|Any CPU
		{44276410-F4F0-428F-8E24-0AFB6372F582}.Debug|Any CPU.Build.0 = Debug|Any CPU
		{44276410-F4F0-428F-8E24-0AFB6372F582}.Debug|x64.ActiveCfg = Debug|Any CPU
		{44276410-F4F0-428F-8E24-0AFB6372F582}.Debug|x64.Build.0 = Debug|Any CPU
		{44276410-F4F0-428F-8E24-0AFB6372F582}.Debug|x86.ActiveCfg = Debug|Any CPU
		{44276410-F4F0-428F-8E24-0AFB6372F582}.Debug|x86.Build.0 = Debug|Any CPU
		{44276410-F4F0-428F-8E24-0AFB6372F582}.Release|Any CPU.ActiveCfg = Release|Any CPU
		{44276410-F4F0-428F-8E24-0AFB6372F582}.Release|Any CPU.Build.0 = Release|Any CPU
		{44276410-F4F0-428F-8E24-0AFB6372F582}.Release|x64.ActiveCfg = Release|Any CPU
		{44276410-F4F0-428F-8E24-0AFB6372F582}.Release|x64.Build.0 = Release|Any CPU
		{44276410-F4F0-428F-8E24-0AFB6372F582}.Release|x86.ActiveCfg = Release|Any CPU
		{44276410-F4F0-428F-8E24-0AFB6372F582}.Release|x86.Build.0 = Release|Any CPU
		{CD0895FB-9DCB-4214-A766-8F97E2DABCCE}.Debug|Any CPU.ActiveCfg = Debug|Win32
		{CD0895FB-9DCB-4214-A766-8F97E2DABCCE}.Debug|x64.ActiveCfg = Debug|x64
		{CD0895FB-9DCB-4214-A766-8F97E2DABCCE}.Debug|x64.Build.0 = Debug|x64
		{CD0895FB-9DCB-4214-A766-8F97E2DABCCE}.Debug|x86.ActiveCfg = Debug|Win32
		{CD0895FB-9DCB-4214-A766-8F97E2DABCCE}.Debug|x86.Build.0 = Debug|Win32
		{CD0895FB-9DCB-4214-A766-8F97E2DABCCE}.Release|Any CPU.ActiveCfg = Release|Win32
		{CD0895FB-9DCB-4214-A766-8F97E2DABCCE}.Release|x64.ActiveCfg = Release|x64
		{CD0895FB-9DCB-4214-A766-8F97E2DABCCE}.Release|x64.Build.0 = Release|x64
		{CD0895FB-9DCB-4214-A766-8F97E2DABCCE}.Release|x86.ActiveCfg = Release|Win32
		{CD0895FB-9DCB-4214-A766-8F97E2DABCCE}.Release|x86.Build.0 = Release|Win32
		{02B208D0-9AF1-4328-8117-5FF60DB5FB87}.Debug|Any CPU.ActiveCfg = Debug|Win32
		{02B208D0-9AF1-4328-8117-5FF60DB5FB87}.Debug|x64.ActiveCfg = Debug|x64
		{02B208D0-9AF1-4328-8117-5FF60DB5FB87}.Debug|x64.Build.0 = Debug|x64
		{02B208D0-9AF1-4328-8117-5FF60DB5FB87}.Debug|x86.ActiveCfg = Debug|Win32
		{02B208D0-9AF1-4328-8117-5FF60DB5FB87}.Debug|x86.Build.0 = Debug|Win32
		{02B208D0-9AF1-4328-8117-5FF60DB5FB87}.Release|Any CPU.ActiveCfg = Release|Win32
		{02B208D0-9AF1-4328-8117-5FF60DB5FB87}.Release|x64.ActiveCfg = Release|x64
		{02B208D0-9AF1-4328-8117-5FF60DB5FB87}.Release|x64.Build.0 = Release|x64
		{02B208D0-9AF1-4328-8117-5FF60DB5FB87}.Release|x86.ActiveCfg = Release|Win32
		{02B208D0-9AF1-4328-8117-5FF60DB5FB87}.Release|x86.Build.0 = Release|Win32
		{B1CE2986-2E19-4B7B-83CF-3532C474D1F0}.Debug|Any CPU.ActiveCfg = Debug|Any CPU
		{B1CE2986-2E19-4B7B-83CF-3532C474D1F0}.Debug|Any CPU.Build.0 = Debug|Any CPU
		{B1CE2986-2E19-4B7B-83CF-3532C474D1F0}.Debug|x64.ActiveCfg = Debug|Any CPU
		{B1CE2986-2E19-4B7B-83CF-3532C474D1F0}.Debug|x64.Build.0 = Debug|Any CPU
		{B1CE2986-2E19-4B7B-83CF-3532C474D1F0}.Debug|x86.ActiveCfg = Debug|Any CPU
		{B1CE2986-2E19-4B7B-83CF-3532C474D1F0}.Debug|x86.Build.0 = Debug|Any CPU
		{B1CE2986-2E19-4B7B-83CF-3532C474D1F0}.Release|Any CPU.ActiveCfg = Release|Any CPU
		{B1CE2986-2E19-4B7B-83CF-3532C474D1F0}.Release|Any CPU.Build.0 = Release|Any CPU
		{B1CE2986-2E19-4B7B-83CF-3532C474D1F0}.Release|x64.ActiveCfg = Release|Any CPU
		{B1CE2986-2E19-4B7B-83CF-3532C474D1F0}.Release|x64.Build.0 = Release|Any CPU
		{B1CE2986-2E19-4B7B-83CF-3532C474D1F0}.Release|x86.ActiveCfg = Release|Any CPU
		{B1CE2986-2E19-4B7B-83CF-3532C474D1F0}.Release|x86.Build.0 = Release|Any CPU
		{1BB3BAD3-2443-4215-8DDD-651043ABE5BF}.Debug|Any CPU.ActiveCfg = Debug|Any CPU
		{1BB3BAD3-2443-4215-8DDD-651043ABE5BF}.Debug|Any CPU.Build.0 = Debug|Any CPU
		{1BB3BAD3-2443-4215-8DDD-651043ABE5BF}.Debug|x64.ActiveCfg = Debug|Any CPU
		{1BB3BAD3-2443-4215-8DDD-651043ABE5BF}.Debug|x64.Build.0 = Debug|Any CPU
		{1BB3BAD3-2443-4215-8DDD-651043ABE5BF}.Debug|x86.ActiveCfg = Debug|Any CPU
		{1BB3BAD3-2443-4215-8DDD-651043ABE5BF}.Debug|x86.Build.0 = Debug|Any CPU
		{1BB3BAD3-2443-4215-8DDD-651043ABE5BF}.Release|Any CPU.ActiveCfg = Release|Any CPU
		{1BB3BAD3-2443-4215-8DDD-651043ABE5BF}.Release|Any CPU.Build.0 = Release|Any CPU
		{1BB3BAD3-2443-4215-8DDD-651043ABE5BF}.Release|x64.ActiveCfg = Release|Any CPU
		{1BB3BAD3-2443-4215-8DDD-651043ABE5BF}.Release|x64.Build.0 = Release|Any CPU
		{1BB3BAD3-2443-4215-8DDD-651043ABE5BF}.Release|x86.ActiveCfg = Release|Any CPU
		{1BB3BAD3-2443-4215-8DDD-651043ABE5BF}.Release|x86.Build.0 = Release|Any CPU
		{AC2172F8-92C2-4074-AA0A-EC95D8AD43F5}.Debug|Any CPU.ActiveCfg = Debug|Any CPU
		{AC2172F8-92C2-4074-AA0A-EC95D8AD43F5}.Debug|Any CPU.Build.0 = Debug|Any CPU
		{AC2172F8-92C2-4074-AA0A-EC95D8AD43F5}.Debug|x64.ActiveCfg = Debug|Any CPU
		{AC2172F8-92C2-4074-AA0A-EC95D8AD43F5}.Debug|x64.Build.0 = Debug|Any CPU
		{AC2172F8-92C2-4074-AA0A-EC95D8AD43F5}.Debug|x86.ActiveCfg = Debug|Any CPU
		{AC2172F8-92C2-4074-AA0A-EC95D8AD43F5}.Debug|x86.Build.0 = Debug|Any CPU
		{AC2172F8-92C2-4074-AA0A-EC95D8AD43F5}.Release|Any CPU.ActiveCfg = Release|Any CPU
		{AC2172F8-92C2-4074-AA0A-EC95D8AD43F5}.Release|Any CPU.Build.0 = Release|Any CPU
		{AC2172F8-92C2-4074-AA0A-EC95D8AD43F5}.Release|x64.ActiveCfg = Release|Any CPU
		{AC2172F8-92C2-4074-AA0A-EC95D8AD43F5}.Release|x64.Build.0 = Release|Any CPU
		{AC2172F8-92C2-4074-AA0A-EC95D8AD43F5}.Release|x86.ActiveCfg = Release|Any CPU
		{AC2172F8-92C2-4074-AA0A-EC95D8AD43F5}.Release|x86.Build.0 = Release|Any CPU
		{47549D3A-3E2E-4122-AEEB-DE023E0FF88C}.Debug|Any CPU.ActiveCfg = Debug|Win32
		{47549D3A-3E2E-4122-AEEB-DE023E0FF88C}.Debug|x64.ActiveCfg = Debug|x64
		{47549D3A-3E2E-4122-AEEB-DE023E0FF88C}.Debug|x64.Build.0 = Debug|x64
		{47549D3A-3E2E-4122-AEEB-DE023E0FF88C}.Debug|x86.ActiveCfg = Debug|Win32
		{47549D3A-3E2E-4122-AEEB-DE023E0FF88C}.Debug|x86.Build.0 = Debug|Win32
		{47549D3A-3E2E-4122-AEEB-DE023E0FF88C}.Release|Any CPU.ActiveCfg = Release|Win32
		{47549D3A-3E2E-4122-AEEB-DE023E0FF88C}.Release|x64.ActiveCfg = Release|x64
		{47549D3A-3E2E-4122-AEEB-DE023E0FF88C}.Release|x64.Build.0 = Release|x64
		{47549D3A-3E2E-4122-AEEB-DE023E0FF88C}.Release|x86.ActiveCfg = Release|Win32
		{47549D3A-3E2E-4122-AEEB-DE023E0FF88C}.Release|x86.Build.0 = Release|Win32
		{AC533841-1B6E-49F8-82A8-03CE6F9AE276}.Debug|Any CPU.ActiveCfg = Debug|Win32
		{AC533841-1B6E-49F8-82A8-03CE6F9AE276}.Debug|x64.ActiveCfg = Debug|x64
		{AC533841-1B6E-49F8-82A8-03CE6F9AE276}.Debug|x64.Build.0 = Debug|x64
		{AC533841-1B6E-49F8-82A8-03CE6F9AE276}.Debug|x86.ActiveCfg = Debug|Win32
		{AC533841-1B6E-49F8-82A8-03CE6F9AE276}.Debug|x86.Build.0 = Debug|Win32
		{AC533841-1B6E-49F8-82A8-03CE6F9AE276}.Release|Any CPU.ActiveCfg = Release|Win32
		{AC533841-1B6E-49F8-82A8-03CE6F9AE276}.Release|x64.ActiveCfg = Release|x64
		{AC533841-1B6E-49F8-82A8-03CE6F9AE276}.Release|x64.Build.0 = Release|x64
		{AC533841-1B6E-49F8-82A8-03CE6F9AE276}.Release|x86.ActiveCfg = Release|Win32
		{AC533841-1B6E-49F8-82A8-03CE6F9AE276}.Release|x86.Build.0 = Release|Win32
		{36A9E622-0FC7-4AA2-A060-460EC57F3F0C}.Debug|Any CPU.ActiveCfg = Debug|Win32
		{36A9E622-0FC7-4AA2-A060-460EC57F3F0C}.Debug|x64.ActiveCfg = Debug|x64
		{36A9E622-0FC7-4AA2-A060-460EC57F3F0C}.Debug|x64.Build.0 = Debug|x64
		{36A9E622-0FC7-4AA2-A060-460EC57F3F0C}.Debug|x86.ActiveCfg = Debug|Win32
		{36A9E622-0FC7-4AA2-A060-460EC57F3F0C}.Debug|x86.Build.0 = Debug|Win32
		{36A9E622-0FC7-4AA2-A060-460EC57F3F0C}.Release|Any CPU.ActiveCfg = Release|Win32
		{36A9E622-0FC7-4AA2-A060-460EC57F3F0C}.Release|x64.ActiveCfg = Release|x64
		{36A9E622-0FC7-4AA2-A060-460EC57F3F0C}.Release|x64.Build.0 = Release|x64
		{36A9E622-0FC7-4AA2-A060-460EC57F3F0C}.Release|x86.ActiveCfg = Release|Win32
		{36A9E622-0FC7-4AA2-A060-460EC57F3F0C}.Release|x86.Build.0 = Release|Win32
		{18C4EBE0-4FC4-4AC9-A57E-52FB86E82BF8}.Debug|Any CPU.ActiveCfg = Debug|Win32
		{18C4EBE0-4FC4-4AC9-A57E-52FB86E82BF8}.Debug|x64.ActiveCfg = Debug|x64
		{18C4EBE0-4FC4-4AC9-A57E-52FB86E82BF8}.Debug|x64.Build.0 = Debug|x64
		{18C4EBE0-4FC4-4AC9-A57E-52FB86E82BF8}.Debug|x86.ActiveCfg = Debug|Win32
		{18C4EBE0-4FC4-4AC9-A57E-52FB86E82BF8}.Debug|x86.Build.0 = Debug|Win32
		{18C4EBE0-4FC4-4AC9-A57E-52FB86E82BF8}.Release|Any CPU.ActiveCfg = Release|Win32
		{18C4EBE0-4FC4-4AC9-A57E-52FB86E82BF8}.Release|x64.ActiveCfg = Release|x64
		{18C4EBE0-4FC4-4AC9-A57E-52FB86E82BF8}.Release|x64.Build.0 = Release|x64
		{18C4EBE0-4FC4-4AC9-A57E-52FB86E82BF8}.Release|x86.ActiveCfg = Release|Win32
		{18C4EBE0-4FC4-4AC9-A57E-52FB86E82BF8}.Release|x86.Build.0 = Release|Win32
		{163835D8-F061-402C-A7E9-2BB20234FAF1}.Debug|Any CPU.ActiveCfg = Debug|Win32
		{163835D8-F061-402C-A7E9-2BB20234FAF1}.Debug|x64.ActiveCfg = Debug|x64
		{163835D8-F061-402C-A7E9-2BB20234FAF1}.Debug|x64.Build.0 = Debug|x64
		{163835D8-F061-402C-A7E9-2BB20234FAF1}.Debug|x86.ActiveCfg = Debug|Win32
		{163835D8-F061-402C-A7E9-2BB20234FAF1}.Debug|x86.Build.0 = Debug|Win32
		{163835D8-F061-402C-A7E9-2BB20234FAF1}.Release|Any CPU.ActiveCfg = Release|Win32
		{163835D8-F061-402C-A7E9-2BB20234FAF1}.Release|x64.ActiveCfg = Release|x64
		{163835D8-F061-402C-A7E9-2BB20234FAF1}.Release|x64.Build.0 = Release|x64
		{163835D8-F061-402C-A7E9-2BB20234FAF1}.Release|x86.ActiveCfg = Release|Win32
		{163835D8-F061-402C-A7E9-2BB20234FAF1}.Release|x86.Build.0 = Release|Win32
		{FA703A55-B92F-4162-AFB4-83626FDC2F81}.Debug|Any CPU.ActiveCfg = Debug|Win32
		{FA703A55-B92F-4162-AFB4-83626FDC2F81}.Debug|x64.ActiveCfg = Debug|x64
		{FA703A55-B92F-4162-AFB4-83626FDC2F81}.Debug|x64.Build.0 = Debug|x64
		{FA703A55-B92F-4162-AFB4-83626FDC2F81}.Debug|x86.ActiveCfg = Debug|Win32
		{FA703A55-B92F-4162-AFB4-83626FDC2F81}.Debug|x86.Build.0 = Debug|Win32
		{FA703A55-B92F-4162-AFB4-83626FDC2F81}.Release|Any CPU.ActiveCfg = Release|Win32
		{FA703A55-B92F-4162-AFB4-83626FDC2F81}.Release|x64.ActiveCfg = Release|x64
		{FA703A55-B92F-4162-AFB4-83626FDC2F81}.Release|x64.Build.0 = Release|x64
		{FA703A55-B92F-4162-AFB4-83626FDC2F81}.Release|x86.ActiveCfg = Release|Win32
		{FA703A55-B92F-4162-AFB4-83626FDC2F81}.Release|x86.Build.0 = Release|Win32
		{E681A019-7A66-4DE9-BF53-8B1152A37647}.Debug|Any CPU.ActiveCfg = Debug|Win32
		{E681A019-7A66-4DE9-BF53-8B1152A37647}.Debug|x64.ActiveCfg = Debug|x64
		{E681A019-7A66-4DE9-BF53-8B1152A37647}.Debug|x64.Build.0 = Debug|x64
		{E681A019-7A66-4DE9-BF53-8B1152A37647}.Debug|x86.ActiveCfg = Debug|Win32
		{E681A019-7A66-4DE9-BF53-8B1152A37647}.Debug|x86.Build.0 = Debug|Win32
		{E681A019-7A66-4DE9-BF53-8B1152A37647}.Release|Any CPU.ActiveCfg = Release|Win32
		{E681A019-7A66-4DE9-BF53-8B1152A37647}.Release|x64.ActiveCfg = Release|x64
		{E681A019-7A66-4DE9-BF53-8B1152A37647}.Release|x64.Build.0 = Release|x64
		{E681A019-7A66-4DE9-BF53-8B1152A37647}.Release|x86.ActiveCfg = Release|Win32
		{E681A019-7A66-4DE9-BF53-8B1152A37647}.Release|x86.Build.0 = Release|Win32
		{652FF389-26BD-463B-B4D8-870F354C1804}.Debug|Any CPU.ActiveCfg = Debug|Win32
		{652FF389-26BD-463B-B4D8-870F354C1804}.Debug|x64.ActiveCfg = Debug|x64
		{652FF389-26BD-463B-B4D8-870F354C1804}.Debug|x64.Build.0 = Debug|x64
		{652FF389-26BD-463B-B4D8-870F354C1804}.Debug|x86.ActiveCfg = Debug|Win32
		{652FF389-26BD-463B-B4D8-870F354C1804}.Debug|x86.Build.0 = Debug|Win32
		{652FF389-26BD-463B-B4D8-870F354C1804}.Release|Any CPU.ActiveCfg = Release|Win32
		{652FF389-26BD-463B-B4D8-870F354C1804}.Release|x64.ActiveCfg = Release|x64
		{652FF389-26BD-463B-B4D8-870F354C1804}.Release|x64.Build.0 = Release|x64
		{652FF389-26BD-463B-B4D8-870F354C1804}.Release|x86.ActiveCfg = Release|Win32
		{652FF389-26BD-463B-B4D8-870F354C1804}.Release|x86.Build.0 = Release|Win32
		{747DA7FA-B3D0-4B59-8BF9-E0AB80D01798}.Debug|Any CPU.ActiveCfg = Debug|Win32
		{747DA7FA-B3D0-4B59-8BF9-E0AB80D01798}.Debug|x64.ActiveCfg = Debug|x64
		{747DA7FA-B3D0-4B59-8BF9-E0AB80D01798}.Debug|x64.Build.0 = Debug|x64
		{747DA7FA-B3D0-4B59-8BF9-E0AB80D01798}.Debug|x86.ActiveCfg = Debug|Win32
		{747DA7FA-B3D0-4B59-8BF9-E0AB80D01798}.Debug|x86.Build.0 = Debug|Win32
		{747DA7FA-B3D0-4B59-8BF9-E0AB80D01798}.Release|Any CPU.ActiveCfg = Release|Win32
		{747DA7FA-B3D0-4B59-8BF9-E0AB80D01798}.Release|x64.ActiveCfg = Release|x64
		{747DA7FA-B3D0-4B59-8BF9-E0AB80D01798}.Release|x64.Build.0 = Release|x64
		{747DA7FA-B3D0-4B59-8BF9-E0AB80D01798}.Release|x86.ActiveCfg = Release|Win32
		{747DA7FA-B3D0-4B59-8BF9-E0AB80D01798}.Release|x86.Build.0 = Release|Win32
		{F724A771-9FCF-411E-9C70-FEEE1E030F2D}.Debug|Any CPU.ActiveCfg = Debug|Any CPU
		{F724A771-9FCF-411E-9C70-FEEE1E030F2D}.Debug|Any CPU.Build.0 = Debug|Any CPU
		{F724A771-9FCF-411E-9C70-FEEE1E030F2D}.Debug|x64.ActiveCfg = Debug|Any CPU
		{F724A771-9FCF-411E-9C70-FEEE1E030F2D}.Debug|x64.Build.0 = Debug|Any CPU
		{F724A771-9FCF-411E-9C70-FEEE1E030F2D}.Debug|x86.ActiveCfg = Debug|Any CPU
		{F724A771-9FCF-411E-9C70-FEEE1E030F2D}.Debug|x86.Build.0 = Debug|Any CPU
		{F724A771-9FCF-411E-9C70-FEEE1E030F2D}.Release|Any CPU.ActiveCfg = Release|Any CPU
		{F724A771-9FCF-411E-9C70-FEEE1E030F2D}.Release|Any CPU.Build.0 = Release|Any CPU
		{F724A771-9FCF-411E-9C70-FEEE1E030F2D}.Release|x64.ActiveCfg = Release|Any CPU
		{F724A771-9FCF-411E-9C70-FEEE1E030F2D}.Release|x64.Build.0 = Release|Any CPU
		{F724A771-9FCF-411E-9C70-FEEE1E030F2D}.Release|x86.ActiveCfg = Release|Any CPU
		{F724A771-9FCF-411E-9C70-FEEE1E030F2D}.Release|x86.Build.0 = Release|Any CPU
		{3B5C35FD-0937-4883-AA90-B2EBD7088DAA}.Debug|Any CPU.ActiveCfg = Debug|Any CPU
		{3B5C35FD-0937-4883-AA90-B2EBD7088DAA}.Debug|Any CPU.Build.0 = Debug|Any CPU
		{3B5C35FD-0937-4883-AA90-B2EBD7088DAA}.Debug|x64.ActiveCfg = Debug|Any CPU
		{3B5C35FD-0937-4883-AA90-B2EBD7088DAA}.Debug|x64.Build.0 = Debug|Any CPU
		{3B5C35FD-0937-4883-AA90-B2EBD7088DAA}.Debug|x86.ActiveCfg = Debug|Any CPU
		{3B5C35FD-0937-4883-AA90-B2EBD7088DAA}.Debug|x86.Build.0 = Debug|Any CPU
		{3B5C35FD-0937-4883-AA90-B2EBD7088DAA}.Release|Any CPU.ActiveCfg = Release|Any CPU
		{3B5C35FD-0937-4883-AA90-B2EBD7088DAA}.Release|Any CPU.Build.0 = Release|Any CPU
		{3B5C35FD-0937-4883-AA90-B2EBD7088DAA}.Release|x64.ActiveCfg = Release|Any CPU
		{3B5C35FD-0937-4883-AA90-B2EBD7088DAA}.Release|x64.Build.0 = Release|Any CPU
		{3B5C35FD-0937-4883-AA90-B2EBD7088DAA}.Release|x86.ActiveCfg = Release|Any CPU
		{3B5C35FD-0937-4883-AA90-B2EBD7088DAA}.Release|x86.Build.0 = Release|Any CPU
		{AB85DF5E-7755-4EDE-999E-8D375764D283}.Debug|Any CPU.ActiveCfg = Debug|Any CPU
		{AB85DF5E-7755-4EDE-999E-8D375764D283}.Debug|Any CPU.Build.0 = Debug|Any CPU
		{AB85DF5E-7755-4EDE-999E-8D375764D283}.Debug|x64.ActiveCfg = Debug|Any CPU
		{AB85DF5E-7755-4EDE-999E-8D375764D283}.Debug|x64.Build.0 = Debug|Any CPU
		{AB85DF5E-7755-4EDE-999E-8D375764D283}.Debug|x86.ActiveCfg = Debug|Any CPU
		{AB85DF5E-7755-4EDE-999E-8D375764D283}.Debug|x86.Build.0 = Debug|Any CPU
		{AB85DF5E-7755-4EDE-999E-8D375764D283}.Release|Any CPU.ActiveCfg = Release|Any CPU
		{AB85DF5E-7755-4EDE-999E-8D375764D283}.Release|Any CPU.Build.0 = Release|Any CPU
		{AB85DF5E-7755-4EDE-999E-8D375764D283}.Release|x64.ActiveCfg = Release|Any CPU
		{AB85DF5E-7755-4EDE-999E-8D375764D283}.Release|x64.Build.0 = Release|Any CPU
		{AB85DF5E-7755-4EDE-999E-8D375764D283}.Release|x86.ActiveCfg = Release|Any CPU
		{AB85DF5E-7755-4EDE-999E-8D375764D283}.Release|x86.Build.0 = Release|Any CPU
		{541A5972-2642-4B71-85A8-17490806049C}.Debug|Any CPU.ActiveCfg = Debug|Win32
		{541A5972-2642-4B71-85A8-17490806049C}.Debug|x64.ActiveCfg = Debug|x64
		{541A5972-2642-4B71-85A8-17490806049C}.Debug|x64.Build.0 = Debug|x64
		{541A5972-2642-4B71-85A8-17490806049C}.Debug|x86.ActiveCfg = Debug|Win32
		{541A5972-2642-4B71-85A8-17490806049C}.Debug|x86.Build.0 = Debug|Win32
		{541A5972-2642-4B71-85A8-17490806049C}.Release|Any CPU.ActiveCfg = Release|Win32
		{541A5972-2642-4B71-85A8-17490806049C}.Release|x64.ActiveCfg = Release|x64
		{541A5972-2642-4B71-85A8-17490806049C}.Release|x64.Build.0 = Release|x64
		{541A5972-2642-4B71-85A8-17490806049C}.Release|x86.ActiveCfg = Release|Win32
		{541A5972-2642-4B71-85A8-17490806049C}.Release|x86.Build.0 = Release|Win32
		{DC789361-74B7-4A8A-932E-99868A70AB68}.Debug|Any CPU.ActiveCfg = Debug|Any CPU
		{DC789361-74B7-4A8A-932E-99868A70AB68}.Debug|Any CPU.Build.0 = Debug|Any CPU
		{DC789361-74B7-4A8A-932E-99868A70AB68}.Debug|x64.ActiveCfg = Debug|Any CPU
		{DC789361-74B7-4A8A-932E-99868A70AB68}.Debug|x64.Build.0 = Debug|Any CPU
		{DC789361-74B7-4A8A-932E-99868A70AB68}.Debug|x86.ActiveCfg = Debug|Any CPU
		{DC789361-74B7-4A8A-932E-99868A70AB68}.Debug|x86.Build.0 = Debug|Any CPU
		{DC789361-74B7-4A8A-932E-99868A70AB68}.Release|Any CPU.ActiveCfg = Release|Any CPU
		{DC789361-74B7-4A8A-932E-99868A70AB68}.Release|Any CPU.Build.0 = Release|Any CPU
		{DC789361-74B7-4A8A-932E-99868A70AB68}.Release|x64.ActiveCfg = Release|Any CPU
		{DC789361-74B7-4A8A-932E-99868A70AB68}.Release|x64.Build.0 = Release|Any CPU
		{DC789361-74B7-4A8A-932E-99868A70AB68}.Release|x86.ActiveCfg = Release|Any CPU
		{DC789361-74B7-4A8A-932E-99868A70AB68}.Release|x86.Build.0 = Release|Any CPU
		{D2DB8030-B677-4154-8BEA-26CF9C2AB44A}.Debug|Any CPU.ActiveCfg = Debug|Any CPU
		{D2DB8030-B677-4154-8BEA-26CF9C2AB44A}.Debug|Any CPU.Build.0 = Debug|Any CPU
		{D2DB8030-B677-4154-8BEA-26CF9C2AB44A}.Debug|x64.ActiveCfg = Debug|Any CPU
		{D2DB8030-B677-4154-8BEA-26CF9C2AB44A}.Debug|x64.Build.0 = Debug|Any CPU
		{D2DB8030-B677-4154-8BEA-26CF9C2AB44A}.Debug|x86.ActiveCfg = Debug|Any CPU
		{D2DB8030-B677-4154-8BEA-26CF9C2AB44A}.Debug|x86.Build.0 = Debug|Any CPU
		{D2DB8030-B677-4154-8BEA-26CF9C2AB44A}.Release|Any CPU.ActiveCfg = Release|Any CPU
		{D2DB8030-B677-4154-8BEA-26CF9C2AB44A}.Release|Any CPU.Build.0 = Release|Any CPU
		{D2DB8030-B677-4154-8BEA-26CF9C2AB44A}.Release|x64.ActiveCfg = Release|Any CPU
		{D2DB8030-B677-4154-8BEA-26CF9C2AB44A}.Release|x64.Build.0 = Release|Any CPU
		{D2DB8030-B677-4154-8BEA-26CF9C2AB44A}.Release|x86.ActiveCfg = Release|Any CPU
		{D2DB8030-B677-4154-8BEA-26CF9C2AB44A}.Release|x86.Build.0 = Release|Any CPU
		{B6B74C4D-CDE2-4C25-9301-6758028B735C}.Debug|Any CPU.ActiveCfg = Debug|Any CPU
		{B6B74C4D-CDE2-4C25-9301-6758028B735C}.Debug|Any CPU.Build.0 = Debug|Any CPU
		{B6B74C4D-CDE2-4C25-9301-6758028B735C}.Debug|x64.ActiveCfg = Debug|Any CPU
		{B6B74C4D-CDE2-4C25-9301-6758028B735C}.Debug|x64.Build.0 = Debug|Any CPU
		{B6B74C4D-CDE2-4C25-9301-6758028B735C}.Debug|x86.ActiveCfg = Debug|Any CPU
		{B6B74C4D-CDE2-4C25-9301-6758028B735C}.Debug|x86.Build.0 = Debug|Any CPU
		{B6B74C4D-CDE2-4C25-9301-6758028B735C}.Release|Any CPU.ActiveCfg = Release|Any CPU
		{B6B74C4D-CDE2-4C25-9301-6758028B735C}.Release|Any CPU.Build.0 = Release|Any CPU
		{B6B74C4D-CDE2-4C25-9301-6758028B735C}.Release|x64.ActiveCfg = Release|Any CPU
		{B6B74C4D-CDE2-4C25-9301-6758028B735C}.Release|x64.Build.0 = Release|Any CPU
		{B6B74C4D-CDE2-4C25-9301-6758028B735C}.Release|x86.ActiveCfg = Release|Any CPU
		{B6B74C4D-CDE2-4C25-9301-6758028B735C}.Release|x86.Build.0 = Release|Any CPU
		{E5E58C3A-536E-4853-97FA-96DD69080785}.Debug|Any CPU.ActiveCfg = Debug|Any CPU
		{E5E58C3A-536E-4853-97FA-96DD69080785}.Debug|Any CPU.Build.0 = Debug|Any CPU
		{E5E58C3A-536E-4853-97FA-96DD69080785}.Debug|x64.ActiveCfg = Debug|Any CPU
		{E5E58C3A-536E-4853-97FA-96DD69080785}.Debug|x64.Build.0 = Debug|Any CPU
		{E5E58C3A-536E-4853-97FA-96DD69080785}.Debug|x86.ActiveCfg = Debug|Any CPU
		{E5E58C3A-536E-4853-97FA-96DD69080785}.Debug|x86.Build.0 = Debug|Any CPU
		{E5E58C3A-536E-4853-97FA-96DD69080785}.Release|Any CPU.ActiveCfg = Release|Any CPU
		{E5E58C3A-536E-4853-97FA-96DD69080785}.Release|Any CPU.Build.0 = Release|Any CPU
		{E5E58C3A-536E-4853-97FA-96DD69080785}.Release|x64.ActiveCfg = Release|Any CPU
		{E5E58C3A-536E-4853-97FA-96DD69080785}.Release|x64.Build.0 = Release|Any CPU
		{E5E58C3A-536E-4853-97FA-96DD69080785}.Release|x86.ActiveCfg = Release|Any CPU
		{E5E58C3A-536E-4853-97FA-96DD69080785}.Release|x86.Build.0 = Release|Any CPU
		{0FF39FC2-756A-4249-8235-F804EEB558CD}.Debug|Any CPU.ActiveCfg = Debug|Any CPU
		{0FF39FC2-756A-4249-8235-F804EEB558CD}.Debug|Any CPU.Build.0 = Debug|Any CPU
		{0FF39FC2-756A-4249-8235-F804EEB558CD}.Debug|x64.ActiveCfg = Debug|Any CPU
		{0FF39FC2-756A-4249-8235-F804EEB558CD}.Debug|x64.Build.0 = Debug|Any CPU
		{0FF39FC2-756A-4249-8235-F804EEB558CD}.Debug|x86.ActiveCfg = Debug|Any CPU
		{0FF39FC2-756A-4249-8235-F804EEB558CD}.Debug|x86.Build.0 = Debug|Any CPU
		{0FF39FC2-756A-4249-8235-F804EEB558CD}.Release|Any CPU.ActiveCfg = Release|Any CPU
		{0FF39FC2-756A-4249-8235-F804EEB558CD}.Release|Any CPU.Build.0 = Release|Any CPU
		{0FF39FC2-756A-4249-8235-F804EEB558CD}.Release|x64.ActiveCfg = Release|Any CPU
		{0FF39FC2-756A-4249-8235-F804EEB558CD}.Release|x64.Build.0 = Release|Any CPU
		{0FF39FC2-756A-4249-8235-F804EEB558CD}.Release|x86.ActiveCfg = Release|Any CPU
		{0FF39FC2-756A-4249-8235-F804EEB558CD}.Release|x86.Build.0 = Release|Any CPU
		{6B665F0F-C0EC-4505-ACED-BE00E993641C}.Debug|Any CPU.ActiveCfg = Debug|Any CPU
		{6B665F0F-C0EC-4505-ACED-BE00E993641C}.Debug|Any CPU.Build.0 = Debug|Any CPU
		{6B665F0F-C0EC-4505-ACED-BE00E993641C}.Debug|x64.ActiveCfg = Debug|Any CPU
		{6B665F0F-C0EC-4505-ACED-BE00E993641C}.Debug|x64.Build.0 = Debug|Any CPU
		{6B665F0F-C0EC-4505-ACED-BE00E993641C}.Debug|x86.ActiveCfg = Debug|Any CPU
		{6B665F0F-C0EC-4505-ACED-BE00E993641C}.Debug|x86.Build.0 = Debug|Any CPU
		{6B665F0F-C0EC-4505-ACED-BE00E993641C}.Release|Any CPU.ActiveCfg = Release|Any CPU
		{6B665F0F-C0EC-4505-ACED-BE00E993641C}.Release|Any CPU.Build.0 = Release|Any CPU
		{6B665F0F-C0EC-4505-ACED-BE00E993641C}.Release|x64.ActiveCfg = Release|Any CPU
		{6B665F0F-C0EC-4505-ACED-BE00E993641C}.Release|x64.Build.0 = Release|Any CPU
		{6B665F0F-C0EC-4505-ACED-BE00E993641C}.Release|x86.ActiveCfg = Release|Any CPU
		{6B665F0F-C0EC-4505-ACED-BE00E993641C}.Release|x86.Build.0 = Release|Any CPU
		{AFF8FF39-2431-409C-81BA-754CDB9156F3}.Debug|Any CPU.ActiveCfg = Debug|Any CPU
		{AFF8FF39-2431-409C-81BA-754CDB9156F3}.Debug|Any CPU.Build.0 = Debug|Any CPU
		{AFF8FF39-2431-409C-81BA-754CDB9156F3}.Debug|x64.ActiveCfg = Debug|Any CPU
		{AFF8FF39-2431-409C-81BA-754CDB9156F3}.Debug|x64.Build.0 = Debug|Any CPU
		{AFF8FF39-2431-409C-81BA-754CDB9156F3}.Debug|x86.ActiveCfg = Debug|Any CPU
		{AFF8FF39-2431-409C-81BA-754CDB9156F3}.Debug|x86.Build.0 = Debug|Any CPU
		{AFF8FF39-2431-409C-81BA-754CDB9156F3}.Release|Any CPU.ActiveCfg = Release|Any CPU
		{AFF8FF39-2431-409C-81BA-754CDB9156F3}.Release|Any CPU.Build.0 = Release|Any CPU
		{AFF8FF39-2431-409C-81BA-754CDB9156F3}.Release|x64.ActiveCfg = Release|Any CPU
		{AFF8FF39-2431-409C-81BA-754CDB9156F3}.Release|x64.Build.0 = Release|Any CPU
		{AFF8FF39-2431-409C-81BA-754CDB9156F3}.Release|x86.ActiveCfg = Release|Any CPU
		{AFF8FF39-2431-409C-81BA-754CDB9156F3}.Release|x86.Build.0 = Release|Any CPU
		{01A95B7B-CD88-4FC7-AB75-A0D889B2A816}.Debug|Any CPU.ActiveCfg = Debug|Any CPU
		{01A95B7B-CD88-4FC7-AB75-A0D889B2A816}.Debug|Any CPU.Build.0 = Debug|Any CPU
		{01A95B7B-CD88-4FC7-AB75-A0D889B2A816}.Debug|x64.ActiveCfg = Debug|Any CPU
		{01A95B7B-CD88-4FC7-AB75-A0D889B2A816}.Debug|x64.Build.0 = Debug|Any CPU
		{01A95B7B-CD88-4FC7-AB75-A0D889B2A816}.Debug|x86.ActiveCfg = Debug|Any CPU
		{01A95B7B-CD88-4FC7-AB75-A0D889B2A816}.Debug|x86.Build.0 = Debug|Any CPU
		{01A95B7B-CD88-4FC7-AB75-A0D889B2A816}.Release|Any CPU.ActiveCfg = Release|Any CPU
		{01A95B7B-CD88-4FC7-AB75-A0D889B2A816}.Release|Any CPU.Build.0 = Release|Any CPU
		{01A95B7B-CD88-4FC7-AB75-A0D889B2A816}.Release|x64.ActiveCfg = Release|Any CPU
		{01A95B7B-CD88-4FC7-AB75-A0D889B2A816}.Release|x64.Build.0 = Release|Any CPU
		{01A95B7B-CD88-4FC7-AB75-A0D889B2A816}.Release|x86.ActiveCfg = Release|Any CPU
		{01A95B7B-CD88-4FC7-AB75-A0D889B2A816}.Release|x86.Build.0 = Release|Any CPU
		{4DE151E6-E507-43CD-B4A7-B4AA5BA23938}.Debug|Any CPU.ActiveCfg = Debug|Any CPU
		{4DE151E6-E507-43CD-B4A7-B4AA5BA23938}.Debug|Any CPU.Build.0 = Debug|Any CPU
		{4DE151E6-E507-43CD-B4A7-B4AA5BA23938}.Debug|x64.ActiveCfg = Debug|Any CPU
		{4DE151E6-E507-43CD-B4A7-B4AA5BA23938}.Debug|x64.Build.0 = Debug|Any CPU
		{4DE151E6-E507-43CD-B4A7-B4AA5BA23938}.Debug|x86.ActiveCfg = Debug|Any CPU
		{4DE151E6-E507-43CD-B4A7-B4AA5BA23938}.Debug|x86.Build.0 = Debug|Any CPU
		{4DE151E6-E507-43CD-B4A7-B4AA5BA23938}.Release|Any CPU.ActiveCfg = Release|Any CPU
		{4DE151E6-E507-43CD-B4A7-B4AA5BA23938}.Release|Any CPU.Build.0 = Release|Any CPU
		{4DE151E6-E507-43CD-B4A7-B4AA5BA23938}.Release|x64.ActiveCfg = Release|Any CPU
		{4DE151E6-E507-43CD-B4A7-B4AA5BA23938}.Release|x64.Build.0 = Release|Any CPU
		{4DE151E6-E507-43CD-B4A7-B4AA5BA23938}.Release|x86.ActiveCfg = Release|Any CPU
		{4DE151E6-E507-43CD-B4A7-B4AA5BA23938}.Release|x86.Build.0 = Release|Any CPU
		{2D181580-0BBF-42B5-8A67-756153BE45FE}.Debug|Any CPU.ActiveCfg = Debug|Any CPU
		{2D181580-0BBF-42B5-8A67-756153BE45FE}.Debug|Any CPU.Build.0 = Debug|Any CPU
		{2D181580-0BBF-42B5-8A67-756153BE45FE}.Debug|x64.ActiveCfg = Debug|Any CPU
		{2D181580-0BBF-42B5-8A67-756153BE45FE}.Debug|x64.Build.0 = Debug|Any CPU
		{2D181580-0BBF-42B5-8A67-756153BE45FE}.Debug|x86.ActiveCfg = Debug|Any CPU
		{2D181580-0BBF-42B5-8A67-756153BE45FE}.Debug|x86.Build.0 = Debug|Any CPU
		{2D181580-0BBF-42B5-8A67-756153BE45FE}.Release|Any CPU.ActiveCfg = Release|Any CPU
		{2D181580-0BBF-42B5-8A67-756153BE45FE}.Release|Any CPU.Build.0 = Release|Any CPU
		{2D181580-0BBF-42B5-8A67-756153BE45FE}.Release|x64.ActiveCfg = Release|Any CPU
		{2D181580-0BBF-42B5-8A67-756153BE45FE}.Release|x64.Build.0 = Release|Any CPU
		{2D181580-0BBF-42B5-8A67-756153BE45FE}.Release|x86.ActiveCfg = Release|Any CPU
		{2D181580-0BBF-42B5-8A67-756153BE45FE}.Release|x86.Build.0 = Release|Any CPU
		{4D10955A-D54C-4FEA-A510-59FFDAB6CFC3}.Debug|Any CPU.ActiveCfg = Debug|Any CPU
		{4D10955A-D54C-4FEA-A510-59FFDAB6CFC3}.Debug|Any CPU.Build.0 = Debug|Any CPU
		{4D10955A-D54C-4FEA-A510-59FFDAB6CFC3}.Debug|x64.ActiveCfg = Debug|Any CPU
		{4D10955A-D54C-4FEA-A510-59FFDAB6CFC3}.Debug|x64.Build.0 = Debug|Any CPU
		{4D10955A-D54C-4FEA-A510-59FFDAB6CFC3}.Debug|x86.ActiveCfg = Debug|Any CPU
		{4D10955A-D54C-4FEA-A510-59FFDAB6CFC3}.Debug|x86.Build.0 = Debug|Any CPU
		{4D10955A-D54C-4FEA-A510-59FFDAB6CFC3}.Release|Any CPU.ActiveCfg = Release|Any CPU
		{4D10955A-D54C-4FEA-A510-59FFDAB6CFC3}.Release|Any CPU.Build.0 = Release|Any CPU
		{4D10955A-D54C-4FEA-A510-59FFDAB6CFC3}.Release|x64.ActiveCfg = Release|Any CPU
		{4D10955A-D54C-4FEA-A510-59FFDAB6CFC3}.Release|x64.Build.0 = Release|Any CPU
		{4D10955A-D54C-4FEA-A510-59FFDAB6CFC3}.Release|x86.ActiveCfg = Release|Any CPU
		{4D10955A-D54C-4FEA-A510-59FFDAB6CFC3}.Release|x86.Build.0 = Release|Any CPU
		{A495AEA5-2498-415E-816C-2DC42D49747B}.Debug|Any CPU.ActiveCfg = Debug|Any CPU
		{A495AEA5-2498-415E-816C-2DC42D49747B}.Debug|Any CPU.Build.0 = Debug|Any CPU
		{A495AEA5-2498-415E-816C-2DC42D49747B}.Debug|x64.ActiveCfg = Debug|Any CPU
		{A495AEA5-2498-415E-816C-2DC42D49747B}.Debug|x64.Build.0 = Debug|Any CPU
		{A495AEA5-2498-415E-816C-2DC42D49747B}.Debug|x86.ActiveCfg = Debug|Any CPU
		{A495AEA5-2498-415E-816C-2DC42D49747B}.Debug|x86.Build.0 = Debug|Any CPU
		{A495AEA5-2498-415E-816C-2DC42D49747B}.Release|Any CPU.ActiveCfg = Release|Any CPU
		{A495AEA5-2498-415E-816C-2DC42D49747B}.Release|Any CPU.Build.0 = Release|Any CPU
		{A495AEA5-2498-415E-816C-2DC42D49747B}.Release|x64.ActiveCfg = Release|Any CPU
		{A495AEA5-2498-415E-816C-2DC42D49747B}.Release|x64.Build.0 = Release|Any CPU
		{A495AEA5-2498-415E-816C-2DC42D49747B}.Release|x86.ActiveCfg = Release|Any CPU
		{A495AEA5-2498-415E-816C-2DC42D49747B}.Release|x86.Build.0 = Release|Any CPU
		{3A83E697-AFFD-4369-81C6-DA8DA681E7E1}.Debug|Any CPU.ActiveCfg = Debug|Any CPU
		{3A83E697-AFFD-4369-81C6-DA8DA681E7E1}.Debug|Any CPU.Build.0 = Debug|Any CPU
		{3A83E697-AFFD-4369-81C6-DA8DA681E7E1}.Debug|x64.ActiveCfg = Debug|Any CPU
		{3A83E697-AFFD-4369-81C6-DA8DA681E7E1}.Debug|x64.Build.0 = Debug|Any CPU
		{3A83E697-AFFD-4369-81C6-DA8DA681E7E1}.Debug|x86.ActiveCfg = Debug|Any CPU
		{3A83E697-AFFD-4369-81C6-DA8DA681E7E1}.Debug|x86.Build.0 = Debug|Any CPU
		{3A83E697-AFFD-4369-81C6-DA8DA681E7E1}.Release|Any CPU.ActiveCfg = Release|Any CPU
		{3A83E697-AFFD-4369-81C6-DA8DA681E7E1}.Release|Any CPU.Build.0 = Release|Any CPU
		{3A83E697-AFFD-4369-81C6-DA8DA681E7E1}.Release|x64.ActiveCfg = Release|Any CPU
		{3A83E697-AFFD-4369-81C6-DA8DA681E7E1}.Release|x64.Build.0 = Release|Any CPU
		{3A83E697-AFFD-4369-81C6-DA8DA681E7E1}.Release|x86.ActiveCfg = Release|Any CPU
		{3A83E697-AFFD-4369-81C6-DA8DA681E7E1}.Release|x86.Build.0 = Release|Any CPU
		{4AFEE316-D65C-4182-83C1-027D8C2B4C15}.Debug|Any CPU.ActiveCfg = Debug|Any CPU
		{4AFEE316-D65C-4182-83C1-027D8C2B4C15}.Debug|Any CPU.Build.0 = Debug|Any CPU
		{4AFEE316-D65C-4182-83C1-027D8C2B4C15}.Debug|x64.ActiveCfg = Debug|Any CPU
		{4AFEE316-D65C-4182-83C1-027D8C2B4C15}.Debug|x64.Build.0 = Debug|Any CPU
		{4AFEE316-D65C-4182-83C1-027D8C2B4C15}.Debug|x86.ActiveCfg = Debug|Any CPU
		{4AFEE316-D65C-4182-83C1-027D8C2B4C15}.Debug|x86.Build.0 = Debug|Any CPU
		{4AFEE316-D65C-4182-83C1-027D8C2B4C15}.Release|Any CPU.ActiveCfg = Release|Any CPU
		{4AFEE316-D65C-4182-83C1-027D8C2B4C15}.Release|Any CPU.Build.0 = Release|Any CPU
		{4AFEE316-D65C-4182-83C1-027D8C2B4C15}.Release|x64.ActiveCfg = Release|Any CPU
		{4AFEE316-D65C-4182-83C1-027D8C2B4C15}.Release|x64.Build.0 = Release|Any CPU
		{4AFEE316-D65C-4182-83C1-027D8C2B4C15}.Release|x86.ActiveCfg = Release|Any CPU
		{4AFEE316-D65C-4182-83C1-027D8C2B4C15}.Release|x86.Build.0 = Release|Any CPU
		{7F6EE5C3-5E39-40A9-9534-FA9A6D7E406F}.Debug|Any CPU.ActiveCfg = Debug|Any CPU
		{7F6EE5C3-5E39-40A9-9534-FA9A6D7E406F}.Debug|Any CPU.Build.0 = Debug|Any CPU
		{7F6EE5C3-5E39-40A9-9534-FA9A6D7E406F}.Debug|x64.ActiveCfg = Debug|Any CPU
		{7F6EE5C3-5E39-40A9-9534-FA9A6D7E406F}.Debug|x64.Build.0 = Debug|Any CPU
		{7F6EE5C3-5E39-40A9-9534-FA9A6D7E406F}.Debug|x86.ActiveCfg = Debug|Any CPU
		{7F6EE5C3-5E39-40A9-9534-FA9A6D7E406F}.Debug|x86.Build.0 = Debug|Any CPU
		{7F6EE5C3-5E39-40A9-9534-FA9A6D7E406F}.Release|Any CPU.ActiveCfg = Release|Any CPU
		{7F6EE5C3-5E39-40A9-9534-FA9A6D7E406F}.Release|Any CPU.Build.0 = Release|Any CPU
		{7F6EE5C3-5E39-40A9-9534-FA9A6D7E406F}.Release|x64.ActiveCfg = Release|Any CPU
		{7F6EE5C3-5E39-40A9-9534-FA9A6D7E406F}.Release|x64.Build.0 = Release|Any CPU
		{7F6EE5C3-5E39-40A9-9534-FA9A6D7E406F}.Release|x86.ActiveCfg = Release|Any CPU
		{7F6EE5C3-5E39-40A9-9534-FA9A6D7E406F}.Release|x86.Build.0 = Release|Any CPU
		{57AF5B35-5482-4749-9C47-0901054F1136}.Debug|Any CPU.ActiveCfg = Debug|Any CPU
		{57AF5B35-5482-4749-9C47-0901054F1136}.Debug|Any CPU.Build.0 = Debug|Any CPU
		{57AF5B35-5482-4749-9C47-0901054F1136}.Debug|x64.ActiveCfg = Debug|Any CPU
		{57AF5B35-5482-4749-9C47-0901054F1136}.Debug|x64.Build.0 = Debug|Any CPU
		{57AF5B35-5482-4749-9C47-0901054F1136}.Debug|x86.ActiveCfg = Debug|Any CPU
		{57AF5B35-5482-4749-9C47-0901054F1136}.Debug|x86.Build.0 = Debug|Any CPU
		{57AF5B35-5482-4749-9C47-0901054F1136}.Release|Any CPU.ActiveCfg = Release|Any CPU
		{57AF5B35-5482-4749-9C47-0901054F1136}.Release|Any CPU.Build.0 = Release|Any CPU
		{57AF5B35-5482-4749-9C47-0901054F1136}.Release|x64.ActiveCfg = Release|Any CPU
		{57AF5B35-5482-4749-9C47-0901054F1136}.Release|x64.Build.0 = Release|Any CPU
		{57AF5B35-5482-4749-9C47-0901054F1136}.Release|x86.ActiveCfg = Release|Any CPU
		{57AF5B35-5482-4749-9C47-0901054F1136}.Release|x86.Build.0 = Release|Any CPU
		{1D919A53-DE8A-4E2A-94DF-1D98762CFC82}.Debug|Any CPU.ActiveCfg = Debug|Any CPU
		{1D919A53-DE8A-4E2A-94DF-1D98762CFC82}.Debug|Any CPU.Build.0 = Debug|Any CPU
		{1D919A53-DE8A-4E2A-94DF-1D98762CFC82}.Debug|x64.ActiveCfg = Debug|Any CPU
		{1D919A53-DE8A-4E2A-94DF-1D98762CFC82}.Debug|x64.Build.0 = Debug|Any CPU
		{1D919A53-DE8A-4E2A-94DF-1D98762CFC82}.Debug|x86.ActiveCfg = Debug|Any CPU
		{1D919A53-DE8A-4E2A-94DF-1D98762CFC82}.Debug|x86.Build.0 = Debug|Any CPU
		{1D919A53-DE8A-4E2A-94DF-1D98762CFC82}.Release|Any CPU.ActiveCfg = Release|Any CPU
		{1D919A53-DE8A-4E2A-94DF-1D98762CFC82}.Release|Any CPU.Build.0 = Release|Any CPU
		{1D919A53-DE8A-4E2A-94DF-1D98762CFC82}.Release|x64.ActiveCfg = Release|Any CPU
		{1D919A53-DE8A-4E2A-94DF-1D98762CFC82}.Release|x64.Build.0 = Release|Any CPU
		{1D919A53-DE8A-4E2A-94DF-1D98762CFC82}.Release|x86.ActiveCfg = Release|Any CPU
		{1D919A53-DE8A-4E2A-94DF-1D98762CFC82}.Release|x86.Build.0 = Release|Any CPU
		{9D6B0F9D-ECD5-4E8B-B28E-724467FFB0CB}.Debug|Any CPU.ActiveCfg = Debug|Any CPU
		{9D6B0F9D-ECD5-4E8B-B28E-724467FFB0CB}.Debug|Any CPU.Build.0 = Debug|Any CPU
		{9D6B0F9D-ECD5-4E8B-B28E-724467FFB0CB}.Debug|x64.ActiveCfg = Debug|Any CPU
		{9D6B0F9D-ECD5-4E8B-B28E-724467FFB0CB}.Debug|x64.Build.0 = Debug|Any CPU
		{9D6B0F9D-ECD5-4E8B-B28E-724467FFB0CB}.Debug|x86.ActiveCfg = Debug|Any CPU
		{9D6B0F9D-ECD5-4E8B-B28E-724467FFB0CB}.Debug|x86.Build.0 = Debug|Any CPU
		{9D6B0F9D-ECD5-4E8B-B28E-724467FFB0CB}.Release|Any CPU.ActiveCfg = Release|Any CPU
		{9D6B0F9D-ECD5-4E8B-B28E-724467FFB0CB}.Release|Any CPU.Build.0 = Release|Any CPU
		{9D6B0F9D-ECD5-4E8B-B28E-724467FFB0CB}.Release|x64.ActiveCfg = Release|Any CPU
		{9D6B0F9D-ECD5-4E8B-B28E-724467FFB0CB}.Release|x64.Build.0 = Release|Any CPU
		{9D6B0F9D-ECD5-4E8B-B28E-724467FFB0CB}.Release|x86.ActiveCfg = Release|Any CPU
		{9D6B0F9D-ECD5-4E8B-B28E-724467FFB0CB}.Release|x86.Build.0 = Release|Any CPU
		{C1CB7841-619A-4F16-B15E-F9D13CC76BD9}.Debug|Any CPU.ActiveCfg = Debug|Any CPU
		{C1CB7841-619A-4F16-B15E-F9D13CC76BD9}.Debug|Any CPU.Build.0 = Debug|Any CPU
		{C1CB7841-619A-4F16-B15E-F9D13CC76BD9}.Debug|x64.ActiveCfg = Debug|Any CPU
		{C1CB7841-619A-4F16-B15E-F9D13CC76BD9}.Debug|x64.Build.0 = Debug|Any CPU
		{C1CB7841-619A-4F16-B15E-F9D13CC76BD9}.Debug|x86.ActiveCfg = Debug|Any CPU
		{C1CB7841-619A-4F16-B15E-F9D13CC76BD9}.Debug|x86.Build.0 = Debug|Any CPU
		{C1CB7841-619A-4F16-B15E-F9D13CC76BD9}.Release|Any CPU.ActiveCfg = Release|Any CPU
		{C1CB7841-619A-4F16-B15E-F9D13CC76BD9}.Release|Any CPU.Build.0 = Release|Any CPU
		{C1CB7841-619A-4F16-B15E-F9D13CC76BD9}.Release|x64.ActiveCfg = Release|Any CPU
		{C1CB7841-619A-4F16-B15E-F9D13CC76BD9}.Release|x64.Build.0 = Release|Any CPU
		{C1CB7841-619A-4F16-B15E-F9D13CC76BD9}.Release|x86.ActiveCfg = Release|Any CPU
		{C1CB7841-619A-4F16-B15E-F9D13CC76BD9}.Release|x86.Build.0 = Release|Any CPU
		{B5C4D1A7-F593-4168-A86B-E3366B649BFE}.Debug|Any CPU.ActiveCfg = Debug|Any CPU
		{B5C4D1A7-F593-4168-A86B-E3366B649BFE}.Debug|Any CPU.Build.0 = Debug|Any CPU
		{B5C4D1A7-F593-4168-A86B-E3366B649BFE}.Debug|x64.ActiveCfg = Debug|Any CPU
		{B5C4D1A7-F593-4168-A86B-E3366B649BFE}.Debug|x64.Build.0 = Debug|Any CPU
		{B5C4D1A7-F593-4168-A86B-E3366B649BFE}.Debug|x86.ActiveCfg = Debug|Any CPU
		{B5C4D1A7-F593-4168-A86B-E3366B649BFE}.Debug|x86.Build.0 = Debug|Any CPU
		{B5C4D1A7-F593-4168-A86B-E3366B649BFE}.Release|Any CPU.ActiveCfg = Release|Any CPU
		{B5C4D1A7-F593-4168-A86B-E3366B649BFE}.Release|Any CPU.Build.0 = Release|Any CPU
		{B5C4D1A7-F593-4168-A86B-E3366B649BFE}.Release|x64.ActiveCfg = Release|Any CPU
		{B5C4D1A7-F593-4168-A86B-E3366B649BFE}.Release|x64.Build.0 = Release|Any CPU
		{B5C4D1A7-F593-4168-A86B-E3366B649BFE}.Release|x86.ActiveCfg = Release|Any CPU
		{B5C4D1A7-F593-4168-A86B-E3366B649BFE}.Release|x86.Build.0 = Release|Any CPU
		{F39D5623-D1A1-44ED-A7A4-948E5D7898DA}.Debug|Any CPU.ActiveCfg = Debug|Any CPU
		{F39D5623-D1A1-44ED-A7A4-948E5D7898DA}.Debug|Any CPU.Build.0 = Debug|Any CPU
		{F39D5623-D1A1-44ED-A7A4-948E5D7898DA}.Debug|x64.ActiveCfg = Debug|Any CPU
		{F39D5623-D1A1-44ED-A7A4-948E5D7898DA}.Debug|x64.Build.0 = Debug|Any CPU
		{F39D5623-D1A1-44ED-A7A4-948E5D7898DA}.Debug|x86.ActiveCfg = Debug|Any CPU
		{F39D5623-D1A1-44ED-A7A4-948E5D7898DA}.Debug|x86.Build.0 = Debug|Any CPU
		{F39D5623-D1A1-44ED-A7A4-948E5D7898DA}.Release|Any CPU.ActiveCfg = Release|Any CPU
		{F39D5623-D1A1-44ED-A7A4-948E5D7898DA}.Release|Any CPU.Build.0 = Release|Any CPU
		{F39D5623-D1A1-44ED-A7A4-948E5D7898DA}.Release|x64.ActiveCfg = Release|Any CPU
		{F39D5623-D1A1-44ED-A7A4-948E5D7898DA}.Release|x64.Build.0 = Release|Any CPU
		{F39D5623-D1A1-44ED-A7A4-948E5D7898DA}.Release|x86.ActiveCfg = Release|Any CPU
		{F39D5623-D1A1-44ED-A7A4-948E5D7898DA}.Release|x86.Build.0 = Release|Any CPU
		{2A69716C-10B7-463E-8F65-D45D4529B817}.Debug|Any CPU.ActiveCfg = Debug|Any CPU
		{2A69716C-10B7-463E-8F65-D45D4529B817}.Debug|Any CPU.Build.0 = Debug|Any CPU
		{2A69716C-10B7-463E-8F65-D45D4529B817}.Debug|x64.ActiveCfg = Debug|Any CPU
		{2A69716C-10B7-463E-8F65-D45D4529B817}.Debug|x64.Build.0 = Debug|Any CPU
		{2A69716C-10B7-463E-8F65-D45D4529B817}.Debug|x86.ActiveCfg = Debug|Any CPU
		{2A69716C-10B7-463E-8F65-D45D4529B817}.Debug|x86.Build.0 = Debug|Any CPU
		{2A69716C-10B7-463E-8F65-D45D4529B817}.Release|Any CPU.ActiveCfg = Release|Any CPU
		{2A69716C-10B7-463E-8F65-D45D4529B817}.Release|Any CPU.Build.0 = Release|Any CPU
		{2A69716C-10B7-463E-8F65-D45D4529B817}.Release|x64.ActiveCfg = Release|Any CPU
		{2A69716C-10B7-463E-8F65-D45D4529B817}.Release|x64.Build.0 = Release|Any CPU
		{2A69716C-10B7-463E-8F65-D45D4529B817}.Release|x86.ActiveCfg = Release|Any CPU
		{2A69716C-10B7-463E-8F65-D45D4529B817}.Release|x86.Build.0 = Release|Any CPU
		{7D656B87-53AA-49D0-8993-7D309E61914C}.Debug|Any CPU.ActiveCfg = Debug|Any CPU
		{7D656B87-53AA-49D0-8993-7D309E61914C}.Debug|Any CPU.Build.0 = Debug|Any CPU
		{7D656B87-53AA-49D0-8993-7D309E61914C}.Debug|x64.ActiveCfg = Debug|Any CPU
		{7D656B87-53AA-49D0-8993-7D309E61914C}.Debug|x64.Build.0 = Debug|Any CPU
		{7D656B87-53AA-49D0-8993-7D309E61914C}.Debug|x86.ActiveCfg = Debug|Any CPU
		{7D656B87-53AA-49D0-8993-7D309E61914C}.Debug|x86.Build.0 = Debug|Any CPU
		{7D656B87-53AA-49D0-8993-7D309E61914C}.Release|Any CPU.ActiveCfg = Release|Any CPU
		{7D656B87-53AA-49D0-8993-7D309E61914C}.Release|Any CPU.Build.0 = Release|Any CPU
		{7D656B87-53AA-49D0-8993-7D309E61914C}.Release|x64.ActiveCfg = Release|Any CPU
		{7D656B87-53AA-49D0-8993-7D309E61914C}.Release|x64.Build.0 = Release|Any CPU
		{7D656B87-53AA-49D0-8993-7D309E61914C}.Release|x86.ActiveCfg = Release|Any CPU
		{7D656B87-53AA-49D0-8993-7D309E61914C}.Release|x86.Build.0 = Release|Any CPU
		{D2AC23EE-E249-4A70-9BAB-7383A47803B6}.Debug|Any CPU.ActiveCfg = Debug|Any CPU
		{D2AC23EE-E249-4A70-9BAB-7383A47803B6}.Debug|Any CPU.Build.0 = Debug|Any CPU
		{D2AC23EE-E249-4A70-9BAB-7383A47803B6}.Debug|x64.ActiveCfg = Debug|Any CPU
		{D2AC23EE-E249-4A70-9BAB-7383A47803B6}.Debug|x64.Build.0 = Debug|Any CPU
		{D2AC23EE-E249-4A70-9BAB-7383A47803B6}.Debug|x86.ActiveCfg = Debug|Any CPU
		{D2AC23EE-E249-4A70-9BAB-7383A47803B6}.Debug|x86.Build.0 = Debug|Any CPU
		{D2AC23EE-E249-4A70-9BAB-7383A47803B6}.Release|Any CPU.ActiveCfg = Release|Any CPU
		{D2AC23EE-E249-4A70-9BAB-7383A47803B6}.Release|Any CPU.Build.0 = Release|Any CPU
		{D2AC23EE-E249-4A70-9BAB-7383A47803B6}.Release|x64.ActiveCfg = Release|Any CPU
		{D2AC23EE-E249-4A70-9BAB-7383A47803B6}.Release|x64.Build.0 = Release|Any CPU
		{D2AC23EE-E249-4A70-9BAB-7383A47803B6}.Release|x86.ActiveCfg = Release|Any CPU
		{D2AC23EE-E249-4A70-9BAB-7383A47803B6}.Release|x86.Build.0 = Release|Any CPU
		{D9206C9C-DEAA-47BF-A36C-1B29DBE0AC83}.Debug|Any CPU.ActiveCfg = Debug|Any CPU
		{D9206C9C-DEAA-47BF-A36C-1B29DBE0AC83}.Debug|Any CPU.Build.0 = Debug|Any CPU
		{D9206C9C-DEAA-47BF-A36C-1B29DBE0AC83}.Debug|x64.ActiveCfg = Debug|Any CPU
		{D9206C9C-DEAA-47BF-A36C-1B29DBE0AC83}.Debug|x64.Build.0 = Debug|Any CPU
		{D9206C9C-DEAA-47BF-A36C-1B29DBE0AC83}.Debug|x86.ActiveCfg = Debug|Any CPU
		{D9206C9C-DEAA-47BF-A36C-1B29DBE0AC83}.Debug|x86.Build.0 = Debug|Any CPU
		{D9206C9C-DEAA-47BF-A36C-1B29DBE0AC83}.Release|Any CPU.ActiveCfg = Release|Any CPU
		{D9206C9C-DEAA-47BF-A36C-1B29DBE0AC83}.Release|Any CPU.Build.0 = Release|Any CPU
		{D9206C9C-DEAA-47BF-A36C-1B29DBE0AC83}.Release|x64.ActiveCfg = Release|Any CPU
		{D9206C9C-DEAA-47BF-A36C-1B29DBE0AC83}.Release|x64.Build.0 = Release|Any CPU
		{D9206C9C-DEAA-47BF-A36C-1B29DBE0AC83}.Release|x86.ActiveCfg = Release|Any CPU
		{D9206C9C-DEAA-47BF-A36C-1B29DBE0AC83}.Release|x86.Build.0 = Release|Any CPU
		{ECEFF277-ABA1-45B3-A31C-34508D0164FF}.Debug|Any CPU.ActiveCfg = Debug|Any CPU
		{ECEFF277-ABA1-45B3-A31C-34508D0164FF}.Debug|Any CPU.Build.0 = Debug|Any CPU
		{ECEFF277-ABA1-45B3-A31C-34508D0164FF}.Debug|x64.ActiveCfg = Debug|Any CPU
		{ECEFF277-ABA1-45B3-A31C-34508D0164FF}.Debug|x64.Build.0 = Debug|Any CPU
		{ECEFF277-ABA1-45B3-A31C-34508D0164FF}.Debug|x86.ActiveCfg = Debug|Any CPU
		{ECEFF277-ABA1-45B3-A31C-34508D0164FF}.Debug|x86.Build.0 = Debug|Any CPU
		{ECEFF277-ABA1-45B3-A31C-34508D0164FF}.Release|Any CPU.ActiveCfg = Release|Any CPU
		{ECEFF277-ABA1-45B3-A31C-34508D0164FF}.Release|Any CPU.Build.0 = Release|Any CPU
		{ECEFF277-ABA1-45B3-A31C-34508D0164FF}.Release|x64.ActiveCfg = Release|Any CPU
		{ECEFF277-ABA1-45B3-A31C-34508D0164FF}.Release|x64.Build.0 = Release|Any CPU
		{ECEFF277-ABA1-45B3-A31C-34508D0164FF}.Release|x86.ActiveCfg = Release|Any CPU
		{ECEFF277-ABA1-45B3-A31C-34508D0164FF}.Release|x86.Build.0 = Release|Any CPU
	EndGlobalSection
	GlobalSection(SolutionProperties) = preSolution
		HideSolutionNode = FALSE
	EndGlobalSection
	GlobalSection(ExtensibilityGlobals) = postSolution
		SolutionGuid = {E4F17BAB-C670-438D-8987-D3DCFC8B10CB}
	EndGlobalSection
EndGlobal
